// !$*UTF8*$!
{
	archiveVersion = 1;
	classes = {
	};
	objectVersion = 46;
	objects = {

/* Begin PBXBuildFile section */
		2A5B3EB61EE8EC1200EC4030 /* EventTableViewController.swift in Sources */ = {isa = PBXBuildFile; fileRef = 2A5B3EB51EE8EC1200EC4030 /* EventTableViewController.swift */; };
		2A5B3EB81EE8EC5E00EC4030 /* EventTableViewCell.swift in Sources */ = {isa = PBXBuildFile; fileRef = 2A5B3EB71EE8EC5E00EC4030 /* EventTableViewCell.swift */; };
		400F63C11EF1022F00D0F8BD /* Utils.swift in Sources */ = {isa = PBXBuildFile; fileRef = 400F63C01EF1022F00D0F8BD /* Utils.swift */; };
		404572751EF22E9900E44EDA /* DateViewController.swift in Sources */ = {isa = PBXBuildFile; fileRef = 404572741EF22E9900E44EDA /* DateViewController.swift */; };
		409F3DA11EECAD67002BB2FF /* DataSingleton.swift in Sources */ = {isa = PBXBuildFile; fileRef = 409F3DA01EECAD67002BB2FF /* DataSingleton.swift */; };
		410D230F1EEF8582004E23BC /* MapViewController.swift in Sources */ = {isa = PBXBuildFile; fileRef = 410D230E1EEF8582004E23BC /* MapViewController.swift */; };
		415AC29F1EE65196002819D6 /* AppDelegate.swift in Sources */ = {isa = PBXBuildFile; fileRef = 415AC29E1EE65196002819D6 /* AppDelegate.swift */; };
		415AC2A11EE65196002819D6 /* ViewController.swift in Sources */ = {isa = PBXBuildFile; fileRef = 415AC2A01EE65196002819D6 /* ViewController.swift */; };
		415AC2A41EE65196002819D6 /* Main.storyboard in Resources */ = {isa = PBXBuildFile; fileRef = 415AC2A21EE65196002819D6 /* Main.storyboard */; };
		415AC2A71EE65196002819D6 /* ConcertApp.xcdatamodeld in Sources */ = {isa = PBXBuildFile; fileRef = 415AC2A51EE65196002819D6 /* ConcertApp.xcdatamodeld */; };
		415AC2A91EE65196002819D6 /* Assets.xcassets in Resources */ = {isa = PBXBuildFile; fileRef = 415AC2A81EE65196002819D6 /* Assets.xcassets */; };
		415AC2AC1EE65196002819D6 /* LaunchScreen.storyboard in Resources */ = {isa = PBXBuildFile; fileRef = 415AC2AA1EE65196002819D6 /* LaunchScreen.storyboard */; };
		634277EF1EF11D9C00C13DCA /* VenueViewController.swift in Sources */ = {isa = PBXBuildFile; fileRef = 634277EE1EF11D9C00C13DCA /* VenueViewController.swift */; };
		C20D0CA31EEF85F90099EF87 /* ArtistTableViewCell.swift in Sources */ = {isa = PBXBuildFile; fileRef = C20D0CA21EEF85F90099EF87 /* ArtistTableViewCell.swift */; };
		C27DC53B1EE8E7AA00BBF207 /* ArtistTableViewController.swift in Sources */ = {isa = PBXBuildFile; fileRef = C27DC53A1EE8E7AA00BBF207 /* ArtistTableViewController.swift */; };
/* End PBXBuildFile section */

/* Begin PBXFileReference section */
		2A5B3EB51EE8EC1200EC4030 /* EventTableViewController.swift */ = {isa = PBXFileReference; fileEncoding = 4; lastKnownFileType = sourcecode.swift; path = EventTableViewController.swift; sourceTree = "<group>"; };
		2A5B3EB71EE8EC5E00EC4030 /* EventTableViewCell.swift */ = {isa = PBXFileReference; fileEncoding = 4; lastKnownFileType = sourcecode.swift; path = EventTableViewCell.swift; sourceTree = "<group>"; };
		400F63C01EF1022F00D0F8BD /* Utils.swift */ = {isa = PBXFileReference; fileEncoding = 4; lastKnownFileType = sourcecode.swift; path = Utils.swift; sourceTree = "<group>"; };
		404572741EF22E9900E44EDA /* DateViewController.swift */ = {isa = PBXFileReference; fileEncoding = 4; lastKnownFileType = sourcecode.swift; path = DateViewController.swift; sourceTree = "<group>"; };
		409F3DA01EECAD67002BB2FF /* DataSingleton.swift */ = {isa = PBXFileReference; fileEncoding = 4; lastKnownFileType = sourcecode.swift; path = DataSingleton.swift; sourceTree = "<group>"; };
		410D230E1EEF8582004E23BC /* MapViewController.swift */ = {isa = PBXFileReference; fileEncoding = 4; lastKnownFileType = sourcecode.swift; path = MapViewController.swift; sourceTree = "<group>"; };
		415AC29B1EE65196002819D6 /* ConcertApp.app */ = {isa = PBXFileReference; explicitFileType = wrapper.application; includeInIndex = 0; path = ConcertApp.app; sourceTree = BUILT_PRODUCTS_DIR; };
		415AC29E1EE65196002819D6 /* AppDelegate.swift */ = {isa = PBXFileReference; lastKnownFileType = sourcecode.swift; path = AppDelegate.swift; sourceTree = "<group>"; };
		415AC2A01EE65196002819D6 /* ViewController.swift */ = {isa = PBXFileReference; lastKnownFileType = sourcecode.swift; path = ViewController.swift; sourceTree = "<group>"; };
		415AC2A31EE65196002819D6 /* Base */ = {isa = PBXFileReference; lastKnownFileType = file.storyboard; name = Base; path = Base.lproj/Main.storyboard; sourceTree = "<group>"; };
		415AC2A61EE65196002819D6 /* ConcertApp.xcdatamodel */ = {isa = PBXFileReference; lastKnownFileType = wrapper.xcdatamodel; path = ConcertApp.xcdatamodel; sourceTree = "<group>"; };
		415AC2A81EE65196002819D6 /* Assets.xcassets */ = {isa = PBXFileReference; lastKnownFileType = folder.assetcatalog; path = Assets.xcassets; sourceTree = "<group>"; };
		415AC2AB1EE65196002819D6 /* Base */ = {isa = PBXFileReference; lastKnownFileType = file.storyboard; name = Base; path = Base.lproj/LaunchScreen.storyboard; sourceTree = "<group>"; };
		415AC2AD1EE65196002819D6 /* Info.plist */ = {isa = PBXFileReference; lastKnownFileType = text.plist.xml; path = Info.plist; sourceTree = "<group>"; };
		634277EE1EF11D9C00C13DCA /* VenueViewController.swift */ = {isa = PBXFileReference; fileEncoding = 4; lastKnownFileType = sourcecode.swift; name = VenueViewController.swift; path = ../VenueViewController.swift; sourceTree = "<group>"; };
		C20D0CA21EEF85F90099EF87 /* ArtistTableViewCell.swift */ = {isa = PBXFileReference; fileEncoding = 4; lastKnownFileType = sourcecode.swift; path = ArtistTableViewCell.swift; sourceTree = "<group>"; };
		C27DC53A1EE8E7AA00BBF207 /* ArtistTableViewController.swift */ = {isa = PBXFileReference; fileEncoding = 4; lastKnownFileType = sourcecode.swift; path = ArtistTableViewController.swift; sourceTree = "<group>"; };
/* End PBXFileReference section */

/* Begin PBXFrameworksBuildPhase section */
		415AC2981EE65196002819D6 /* Frameworks */ = {
			isa = PBXFrameworksBuildPhase;
			buildActionMask = 2147483647;
			files = (
			);
			runOnlyForDeploymentPostprocessing = 0;
		};
/* End PBXFrameworksBuildPhase section */

/* Begin PBXGroup section */
		415AC2921EE65196002819D6 = {
			isa = PBXGroup;
			children = (
				415AC29D1EE65196002819D6 /* ConcertApp */,
				415AC29C1EE65196002819D6 /* Products */,
			);
			sourceTree = "<group>";
		};
		415AC29C1EE65196002819D6 /* Products */ = {
			isa = PBXGroup;
			children = (
				415AC29B1EE65196002819D6 /* ConcertApp.app */,
			);
			name = Products;
			sourceTree = "<group>";
		};
		415AC29D1EE65196002819D6 /* ConcertApp */ = {
			isa = PBXGroup;
			children = (
				415AC29E1EE65196002819D6 /* AppDelegate.swift */,
				409F3DA01EECAD67002BB2FF /* DataSingleton.swift */,
				415AC2A01EE65196002819D6 /* ViewController.swift */,
				404572741EF22E9900E44EDA /* DateViewController.swift */,
				415AC2A21EE65196002819D6 /* Main.storyboard */,
				410D230E1EEF8582004E23BC /* MapViewController.swift */,
				2A5B3EB51EE8EC1200EC4030 /* EventTableViewController.swift */,
				634277EE1EF11D9C00C13DCA /* VenueViewController.swift */,
				C20D0CA21EEF85F90099EF87 /* ArtistTableViewCell.swift */,
				2A5B3EB71EE8EC5E00EC4030 /* EventTableViewCell.swift */,
				C27DC53A1EE8E7AA00BBF207 /* ArtistTableViewController.swift */,
				415AC2A81EE65196002819D6 /* Assets.xcassets */,
				415AC2AA1EE65196002819D6 /* LaunchScreen.storyboard */,
				415AC2AD1EE65196002819D6 /* Info.plist */,
				415AC2A51EE65196002819D6 /* ConcertApp.xcdatamodeld */,
				400F63C01EF1022F00D0F8BD /* Utils.swift */,
			);
			path = ConcertApp;
			sourceTree = "<group>";
		};
/* End PBXGroup section */

/* Begin PBXNativeTarget section */
		415AC29A1EE65196002819D6 /* ConcertApp */ = {
			isa = PBXNativeTarget;
			buildConfigurationList = 415AC2B01EE65196002819D6 /* Build configuration list for PBXNativeTarget "ConcertApp" */;
			buildPhases = (
				415AC2971EE65196002819D6 /* Sources */,
				415AC2981EE65196002819D6 /* Frameworks */,
				415AC2991EE65196002819D6 /* Resources */,
			);
			buildRules = (
			);
			dependencies = (
			);
			name = ConcertApp;
			productName = ConcertApp;
			productReference = 415AC29B1EE65196002819D6 /* ConcertApp.app */;
			productType = "com.apple.product-type.application";
		};
/* End PBXNativeTarget section */

/* Begin PBXProject section */
		415AC2931EE65196002819D6 /* Project object */ = {
			isa = PBXProject;
			attributes = {
				LastSwiftUpdateCheck = 0810;
				LastUpgradeCheck = 0810;
				ORGANIZATIONNAME = Team2;
				TargetAttributes = {
					415AC29A1EE65196002819D6 = {
						CreatedOnToolsVersion = 8.1;
						ProvisioningStyle = Automatic;
					};
				};
			};
			buildConfigurationList = 415AC2961EE65196002819D6 /* Build configuration list for PBXProject "ConcertApp" */;
			compatibilityVersion = "Xcode 3.2";
			developmentRegion = English;
			hasScannedForEncodings = 0;
			knownRegions = (
				en,
				Base,
			);
			mainGroup = 415AC2921EE65196002819D6;
			productRefGroup = 415AC29C1EE65196002819D6 /* Products */;
			projectDirPath = "";
			projectRoot = "";
			targets = (
				415AC29A1EE65196002819D6 /* ConcertApp */,
			);
		};
/* End PBXProject section */

/* Begin PBXResourcesBuildPhase section */
		415AC2991EE65196002819D6 /* Resources */ = {
			isa = PBXResourcesBuildPhase;
			buildActionMask = 2147483647;
			files = (
				415AC2AC1EE65196002819D6 /* LaunchScreen.storyboard in Resources */,
				415AC2A91EE65196002819D6 /* Assets.xcassets in Resources */,
				415AC2A41EE65196002819D6 /* Main.storyboard in Resources */,
			);
			runOnlyForDeploymentPostprocessing = 0;
		};
/* End PBXResourcesBuildPhase section */

/* Begin PBXSourcesBuildPhase section */
		415AC2971EE65196002819D6 /* Sources */ = {
			isa = PBXSourcesBuildPhase;
			buildActionMask = 2147483647;
			files = (
				634277EF1EF11D9C00C13DCA /* VenueViewController.swift in Sources */,
				C27DC53B1EE8E7AA00BBF207 /* ArtistTableViewController.swift in Sources */,
				415AC2A11EE65196002819D6 /* ViewController.swift in Sources */,
				415AC2A71EE65196002819D6 /* ConcertApp.xcdatamodeld in Sources */,
				404572751EF22E9900E44EDA /* DateViewController.swift in Sources */,
				2A5B3EB61EE8EC1200EC4030 /* EventTableViewController.swift in Sources */,
				409F3DA11EECAD67002BB2FF /* DataSingleton.swift in Sources */,
				400F63C11EF1022F00D0F8BD /* Utils.swift in Sources */,
				2A5B3EB81EE8EC5E00EC4030 /* EventTableViewCell.swift in Sources */,
				C20D0CA31EEF85F90099EF87 /* ArtistTableViewCell.swift in Sources */,
				415AC29F1EE65196002819D6 /* AppDelegate.swift in Sources */,
				410D230F1EEF8582004E23BC /* MapViewController.swift in Sources */,
			);
			runOnlyForDeploymentPostprocessing = 0;
		};
/* End PBXSourcesBuildPhase section */

/* Begin PBXVariantGroup section */
		415AC2A21EE65196002819D6 /* Main.storyboard */ = {
			isa = PBXVariantGroup;
			children = (
				415AC2A31EE65196002819D6 /* Base */,
			);
			name = Main.storyboard;
			sourceTree = "<group>";
		};
		415AC2AA1EE65196002819D6 /* LaunchScreen.storyboard */ = {
			isa = PBXVariantGroup;
			children = (
				415AC2AB1EE65196002819D6 /* Base */,
			);
			name = LaunchScreen.storyboard;
			sourceTree = "<group>";
		};
/* End PBXVariantGroup section */

/* Begin XCBuildConfiguration section */
		415AC2AE1EE65196002819D6 /* Debug */ = {
			isa = XCBuildConfiguration;
			buildSettings = {
				ALWAYS_SEARCH_USER_PATHS = NO;
				CLANG_ANALYZER_NONNULL = YES;
				CLANG_CXX_LANGUAGE_STANDARD = "gnu++0x";
				CLANG_CXX_LIBRARY = "libc++";
				CLANG_ENABLE_MODULES = YES;
				CLANG_ENABLE_OBJC_ARC = YES;
				CLANG_WARN_BOOL_CONVERSION = YES;
				CLANG_WARN_CONSTANT_CONVERSION = YES;
				CLANG_WARN_DIRECT_OBJC_ISA_USAGE = YES_ERROR;
				CLANG_WARN_DOCUMENTATION_COMMENTS = YES;
				CLANG_WARN_EMPTY_BODY = YES;
				CLANG_WARN_ENUM_CONVERSION = YES;
				CLANG_WARN_INFINITE_RECURSION = YES;
				CLANG_WARN_INT_CONVERSION = YES;
				CLANG_WARN_OBJC_ROOT_CLASS = YES_ERROR;
				CLANG_WARN_SUSPICIOUS_MOVES = YES;
				CLANG_WARN_UNREACHABLE_CODE = YES;
				CLANG_WARN__DUPLICATE_METHOD_MATCH = YES;
				"CODE_SIGN_IDENTITY[sdk=iphoneos*]" = "iPhone Developer";
				COPY_PHASE_STRIP = NO;
				DEBUG_INFORMATION_FORMAT = dwarf;
				ENABLE_STRICT_OBJC_MSGSEND = YES;
				ENABLE_TESTABILITY = YES;
				GCC_C_LANGUAGE_STANDARD = gnu99;
				GCC_DYNAMIC_NO_PIC = NO;
				GCC_NO_COMMON_BLOCKS = YES;
				GCC_OPTIMIZATION_LEVEL = 0;
				GCC_PREPROCESSOR_DEFINITIONS = (
					"DEBUG=1",
					"$(inherited)",
				);
				GCC_WARN_64_TO_32_BIT_CONVERSION = YES;
				GCC_WARN_ABOUT_RETURN_TYPE = YES_ERROR;
				GCC_WARN_UNDECLARED_SELECTOR = YES;
				GCC_WARN_UNINITIALIZED_AUTOS = YES_AGGRESSIVE;
				GCC_WARN_UNUSED_FUNCTION = YES;
				GCC_WARN_UNUSED_VARIABLE = YES;
				IPHONEOS_DEPLOYMENT_TARGET = 10.1;
				MTL_ENABLE_DEBUG_INFO = YES;
				ONLY_ACTIVE_ARCH = YES;
				SDKROOT = iphoneos;
				SWIFT_ACTIVE_COMPILATION_CONDITIONS = DEBUG;
				SWIFT_OPTIMIZATION_LEVEL = "-Onone";
			};
			name = Debug;
		};
		415AC2AF1EE65196002819D6 /* Release */ = {
			isa = XCBuildConfiguration;
			buildSettings = {
				ALWAYS_SEARCH_USER_PATHS = NO;
				CLANG_ANALYZER_NONNULL = YES;
				CLANG_CXX_LANGUAGE_STANDARD = "gnu++0x";
				CLANG_CXX_LIBRARY = "libc++";
				CLANG_ENABLE_MODULES = YES;
				CLANG_ENABLE_OBJC_ARC = YES;
				CLANG_WARN_BOOL_CONVERSION = YES;
				CLANG_WARN_CONSTANT_CONVERSION = YES;
				CLANG_WARN_DIRECT_OBJC_ISA_USAGE = YES_ERROR;
				CLANG_WARN_DOCUMENTATION_COMMENTS = YES;
				CLANG_WARN_EMPTY_BODY = YES;
				CLANG_WARN_ENUM_CONVERSION = YES;
				CLANG_WARN_INFINITE_RECURSION = YES;
				CLANG_WARN_INT_CONVERSION = YES;
				CLANG_WARN_OBJC_ROOT_CLASS = YES_ERROR;
				CLANG_WARN_SUSPICIOUS_MOVES = YES;
				CLANG_WARN_UNREACHABLE_CODE = YES;
				CLANG_WARN__DUPLICATE_METHOD_MATCH = YES;
				"CODE_SIGN_IDENTITY[sdk=iphoneos*]" = "iPhone Developer";
				COPY_PHASE_STRIP = NO;
				DEBUG_INFORMATION_FORMAT = "dwarf-with-dsym";
				ENABLE_NS_ASSERTIONS = NO;
				ENABLE_STRICT_OBJC_MSGSEND = YES;
				GCC_C_LANGUAGE_STANDARD = gnu99;
				GCC_NO_COMMON_BLOCKS = YES;
				GCC_WARN_64_TO_32_BIT_CONVERSION = YES;
				GCC_WARN_ABOUT_RETURN_TYPE = YES_ERROR;
				GCC_WARN_UNDECLARED_SELECTOR = YES;
				GCC_WARN_UNINITIALIZED_AUTOS = YES_AGGRESSIVE;
				GCC_WARN_UNUSED_FUNCTION = YES;
				GCC_WARN_UNUSED_VARIABLE = YES;
				IPHONEOS_DEPLOYMENT_TARGET = 10.1;
				MTL_ENABLE_DEBUG_INFO = NO;
				SDKROOT = iphoneos;
				SWIFT_OPTIMIZATION_LEVEL = "-Owholemodule";
				VALIDATE_PRODUCT = YES;
			};
			name = Release;
		};
		415AC2B11EE65196002819D6 /* Debug */ = {
			isa = XCBuildConfiguration;
			buildSettings = {
				ASSETCATALOG_COMPILER_APPICON_NAME = AppIcon;
				INFOPLIST_FILE = ConcertApp/Info.plist;
				LD_RUNPATH_SEARCH_PATHS = "$(inherited) @executable_path/Frameworks";
				PRODUCT_BUNDLE_IDENTIFIER = com.Team2.ConcertApp;
				PRODUCT_NAME = "$(TARGET_NAME)";
				SWIFT_VERSION = 3.0;
			};
			name = Debug;
		};
		415AC2B21EE65196002819D6 /* Release */ = {
			isa = XCBuildConfiguration;
			buildSettings = {
				ASSETCATALOG_COMPILER_APPICON_NAME = AppIcon;
				INFOPLIST_FILE = ConcertApp/Info.plist;
				LD_RUNPATH_SEARCH_PATHS = "$(inherited) @executable_path/Frameworks";
				PRODUCT_BUNDLE_IDENTIFIER = com.Team2.ConcertApp;
				PRODUCT_NAME = "$(TARGET_NAME)";
				SWIFT_VERSION = 3.0;
			};
			name = Release;
		};
/* End XCBuildConfiguration section */

/* Begin XCConfigurationList section */
		415AC2961EE65196002819D6 /* Build configuration list for PBXProject "ConcertApp" */ = {
			isa = XCConfigurationList;
			buildConfigurations = (
				415AC2AE1EE65196002819D6 /* Debug */,
				415AC2AF1EE65196002819D6 /* Release */,
			);
			defaultConfigurationIsVisible = 0;
			defaultConfigurationName = Release;
		};
		415AC2B01EE65196002819D6 /* Build configuration list for PBXNativeTarget "ConcertApp" */ = {
			isa = XCConfigurationList;
			buildConfigurations = (
				415AC2B11EE65196002819D6 /* Debug */,
				415AC2B21EE65196002819D6 /* Release */,
			);
			defaultConfigurationIsVisible = 0;
			defaultConfigurationName = Release;
		};
/* End XCConfigurationList section */

/* Begin XCVersionGroup section */
		415AC2A51EE65196002819D6 /* ConcertApp.xcdatamodeld */ = {
			isa = XCVersionGroup;
			children = (
				415AC2A61EE65196002819D6 /* ConcertApp.xcdatamodel */,
			);
			currentVersion = 415AC2A61EE65196002819D6 /* ConcertApp.xcdatamodel */;
			path = ConcertApp.xcdatamodeld;
			sourceTree = "<group>";
			versionGroupType = wrapper.xcdatamodel;
		};
/* End XCVersionGroup section */
	};
	rootObject = 415AC2931EE65196002819D6 /* Project object */;
}
